
Microsoft Visual Studio Solution File, Format Version 12.00
# Visual Studio 15
VisualStudioVersion = 15.0.27004.2005
MinimumVisualStudioVersion = 10.0.40219.1
Project("{FAE04EC0-301F-11D3-BF4B-00C04F79EFBC}") = "Bhaptics.Tact", "Bhaptics.Tact\Bhaptics.Tact.csproj", "{F6971BB6-19F6-4D65-855D-FAFA09351643}"
EndProject
Project("{FAE04EC0-301F-11D3-BF4B-00C04F79EFBC}") = "TestApp", "TestApp\TestApp.csproj", "{8951D30E-279B-4EE6-A7D2-D4209C2606B0}"
EndProject
Global
	GlobalSection(SolutionConfigurationPlatforms) = preSolution
		Debug|Any CPU = Debug|Any CPU
		Debug|ARM = Debug|ARM
		Debug|x64 = Debug|x64
		Debug|x86 = Debug|x86
		Release|Any CPU = Release|Any CPU
		Release|ARM = Release|ARM
		Release|x64 = Release|x64
		Release|x86 = Release|x86
	EndGlobalSection
	GlobalSection(ProjectConfigurationPlatforms) = postSolution
		{F6971BB6-19F6-4D65-855D-FAFA09351643}.Debug|Any CPU.ActiveCfg = Debug|Any CPU
		{F6971BB6-19F6-4D65-855D-FAFA09351643}.Debug|Any CPU.Build.0 = Debug|Any CPU
		{F6971BB6-19F6-4D65-855D-FAFA09351643}.Debug|ARM.ActiveCfg = Debug|Any CPU
		{F6971BB6-19F6-4D65-855D-FAFA09351643}.Debug|ARM.Build.0 = Debug|Any CPU
		{F6971BB6-19F6-4D65-855D-FAFA09351643}.Debug|x64.ActiveCfg = Debug|Any CPU
		{F6971BB6-19F6-4D65-855D-FAFA09351643}.Debug|x64.Build.0 = Debug|Any CPU
		{F6971BB6-19F6-4D65-855D-FAFA09351643}.Debug|x86.ActiveCfg = Debug|Any CPU
		{F6971BB6-19F6-4D65-855D-FAFA09351643}.Debug|x86.Build.0 = Debug|Any CPU
		{F6971BB6-19F6-4D65-855D-FAFA09351643}.Release|Any CPU.ActiveCfg = Release|Any CPU
		{F6971BB6-19F6-4D65-855D-FAFA09351643}.Release|Any CPU.Build.0 = Release|Any CPU
		{F6971BB6-19F6-4D65-855D-FAFA09351643}.Release|ARM.ActiveCfg = Release|Any CPU
		{F6971BB6-19F6-4D65-855D-FAFA09351643}.Release|ARM.Build.0 = Release|Any CPU
		{F6971BB6-19F6-4D65-855D-FAFA09351643}.Release|x64.ActiveCfg = Release|Any CPU
		{F6971BB6-19F6-4D65-855D-FAFA09351643}.Release|x64.Build.0 = Release|Any CPU
		{F6971BB6-19F6-4D65-855D-FAFA09351643}.Release|x86.ActiveCfg = Release|Any CPU
		{F6971BB6-19F6-4D65-855D-FAFA09351643}.Release|x86.Build.0 = Release|Any CPU
		{8951D30E-279B-4EE6-A7D2-D4209C2606B0}.Debug|Any CPU.ActiveCfg = Debug|Any CPU
		{8951D30E-279B-4EE6-A7D2-D4209C2606B0}.Debug|Any CPU.Build.0 = Debug|Any CPU
		{8951D30E-279B-4EE6-A7D2-D4209C2606B0}.Debug|ARM.ActiveCfg = Debug|Any CPU
		{8951D30E-279B-4EE6-A7D2-D4209C2606B0}.Debug|ARM.Build.0 = Debug|Any CPU
		{8951D30E-279B-4EE6-A7D2-D4209C2606B0}.Debug|x64.ActiveCfg = Debug|Any CPU
		{8951D30E-279B-4EE6-A7D2-D4209C2606B0}.Debug|x64.Build.0 = Debug|Any CPU
		{8951D30E-279B-4EE6-A7D2-D4209C2606B0}.Debug|x86.ActiveCfg = Debug|Any CPU
		{8951D30E-279B-4EE6-A7D2-D4209C2606B0}.Debug|x86.Build.0 = Debug|Any CPU
		{8951D30E-279B-4EE6-A7D2-D4209C2606B0}.Release|Any CPU.ActiveCfg = Release|Any CPU
		{8951D30E-279B-4EE6-A7D2-D4209C2606B0}.Release|Any CPU.Build.0 = Release|Any CPU
		{8951D30E-279B-4EE6-A7D2-D4209C2606B0}.Release|ARM.ActiveCfg = Release|Any CPU
		{8951D30E-279B-4EE6-A7D2-D4209C2606B0}.Release|ARM.Build.0 = Release|Any CPU
		{8951D30E-279B-4EE6-A7D2-D4209C2606B0}.Release|x64.ActiveCfg = Release|Any CPU
		{8951D30E-279B-4EE6-A7D2-D4209C2606B0}.Release|x64.Build.0 = Release|Any CPU
		{8951D30E-279B-4EE6-A7D2-D4209C2606B0}.Release|x86.ActiveCfg = Release|Any CPU
		{8951D30E-279B-4EE6-A7D2-D4209C2606B0}.Release|x86.Build.0 = Release|Any CPU
	EndGlobalSection
	GlobalSection(SolutionProperties) = preSolution
		HideSolutionNode = FALSE
	EndGlobalSection
	GlobalSection(ExtensibilityGlobals) = postSolution
		SolutionGuid = {555ECE19-619D-477F-9B3A-0C55A741609C}
	EndGlobalSection
EndGlobal
